// !$*UTF8*$!
{
	archiveVersion = 1;
	classes = {
	};
	objectVersion = 77;
	objects = {

/* Begin PBXBuildFile section */
		9233F4492E3BC91B003620EC /* FirebaseAuth in Frameworks */ = {isa = PBXBuildFile; productRef = 9233F4482E3BC91B003620EC /* FirebaseAuth */; };
		9233F44B2E3BC91B003620EC /* FirebaseAuthCombine-Community in Frameworks */ = {isa = PBXBuildFile; productRef = 9233F44A2E3BC91B003620EC /* FirebaseAuthCombine-Community */; };
		9233F44D2E3BC91B003620EC /* FirebaseDatabase in Frameworks */ = {isa = PBXBuildFile; productRef = 9233F44C2E3BC91B003620EC /* FirebaseDatabase */; };
		9233F44F2E3BC91B003620EC /* FirebaseFirestore in Frameworks */ = {isa = PBXBuildFile; productRef = 9233F44E2E3BC91B003620EC /* FirebaseFirestore */; };
		9233F4512E3BC91B003620EC /* FirebaseFunctions in Frameworks */ = {isa = PBXBuildFile; productRef = 9233F4502E3BC91B003620EC /* FirebaseFunctions */; };
		9233F4532E3BC91B003620EC /* FirebaseStorage in Frameworks */ = {isa = PBXBuildFile; productRef = 9233F4522E3BC91B003620EC /* FirebaseStorage */; };
/* End PBXBuildFile section */

/* Begin PBXContainerItemProxy section */
		9233F4292E3BC761003620EC /* PBXContainerItemProxy */ = {
			isa = PBXContainerItemProxy;
			containerPortal = 9233F4132E3BC75E003620EC /* Project object */;
			proxyType = 1;
			remoteGlobalIDString = 9233F41A2E3BC75E003620EC;
			remoteInfo = DatingAI;
		};
		9233F4332E3BC761003620EC /* PBXContainerItemProxy */ = {
			isa = PBXContainerItemProxy;
			containerPortal = 9233F4132E3BC75E003620EC /* Project object */;
			proxyType = 1;
			remoteGlobalIDString = 9233F41A2E3BC75E003620EC;
			remoteInfo = DatingAI;
		};
/* End PBXContainerItemProxy section */

/* Begin PBXFileReference section */
		9233F41B2E3BC75E003620EC /* DatingAI.app */ = {isa = PBXFileReference; explicitFileType = wrapper.application; includeInIndex = 0; path = DatingAI.app; sourceTree = BUILT_PRODUCTS_DIR; };
		9233F4282E3BC761003620EC /* DatingAITests.xctest */ = {isa = PBXFileReference; explicitFileType = wrapper.cfbundle; includeInIndex = 0; path = DatingAITests.xctest; sourceTree = BUILT_PRODUCTS_DIR; };
		9233F4322E3BC761003620EC /* DatingAIUITests.xctest */ = {isa = PBXFileReference; explicitFileType = wrapper.cfbundle; includeInIndex = 0; path = DatingAIUITests.xctest; sourceTree = BUILT_PRODUCTS_DIR; };
/* End PBXFileReference section */

/* Begin PBXFileSystemSynchronizedRootGroup section */
		9233F41D2E3BC75E003620EC /* DatingAI */ = {
			isa = PBXFileSystemSynchronizedRootGroup;
			path = DatingAI;
			sourceTree = "<group>";
		};
		9233F42B2E3BC761003620EC /* DatingAITests */ = {
			isa = PBXFileSystemSynchronizedRootGroup;
			path = DatingAITests;
			sourceTree = "<group>";
		};
		9233F4352E3BC761003620EC /* DatingAIUITests */ = {
			isa = PBXFileSystemSynchronizedRootGroup;
			path = DatingAIUITests;
			sourceTree = "<group>";
		};
/* End PBXFileSystemSynchronizedRootGroup section */

/* Begin PBXFrameworksBuildPhase section */
		9233F4182E3BC75E003620EC /* Frameworks */ = {
			isa = PBXFrameworksBuildPhase;
			buildActionMask = 2147483647;
			files = (
				9233F44D2E3BC91B003620EC /* FirebaseDatabase in Frameworks */,
				9233F44F2E3BC91B003620EC /* FirebaseFirestore in Frameworks */,
				9233F4512E3BC91B003620EC /* FirebaseFunctions in Frameworks */,
				9233F4492E3BC91B003620EC /* FirebaseAuth in Frameworks */,
				9233F44B2E3BC91B003620EC /* FirebaseAuthCombine-Community in Frameworks */,
				9233F4532E3BC91B003620EC /* FirebaseStorage in Frameworks */,
			);
			runOnlyForDeploymentPostprocessing = 0;
		};
		9233F4252E3BC761003620EC /* Frameworks */ = {
			isa = PBXFrameworksBuildPhase;
			buildActionMask = 2147483647;
			files = (
			);
			runOnlyForDeploymentPostprocessing = 0;
		};
		9233F42F2E3BC761003620EC /* Frameworks */ = {
			isa = PBXFrameworksBuildPhase;
			buildActionMask = 2147483647;
			files = (
			);
			runOnlyForDeploymentPostprocessing = 0;
		};
/* End PBXFrameworksBuildPhase section */

/* Begin PBXGroup section */
		9233F4122E3BC75E003620EC = {
			isa = PBXGroup;
			children = (
				9233F41D2E3BC75E003620EC /* DatingAI */,
				9233F42B2E3BC761003620EC /* DatingAITests */,
				9233F4352E3BC761003620EC /* DatingAIUITests */,
				9233F41C2E3BC75E003620EC /* Products */,
			);
			sourceTree = "<group>";
		};
		9233F41C2E3BC75E003620EC /* Products */ = {
			isa = PBXGroup;
			children = (
				9233F41B2E3BC75E003620EC /* DatingAI.app */,
				9233F4282E3BC761003620EC /* DatingAITests.xctest */,
				9233F4322E3BC761003620EC /* DatingAIUITests.xctest */,
			);
			name = Products;
			sourceTree = "<group>";
		};
/* End PBXGroup section */

/* Begin PBXNativeTarget section */
		9233F41A2E3BC75E003620EC /* DatingAI */ = {
			isa = PBXNativeTarget;
			buildConfigurationList = 9233F43C2E3BC761003620EC /* Build configuration list for PBXNativeTarget "DatingAI" */;
			buildPhases = (
				9233F4172E3BC75E003620EC /* Sources */,
				9233F4182E3BC75E003620EC /* Frameworks */,
				9233F4192E3BC75E003620EC /* Resources */,
			);
			buildRules = (
			);
			dependencies = (
			);
			fileSystemSynchronizedGroups = (
				9233F41D2E3BC75E003620EC /* DatingAI */,
			);
			name = DatingAI;
			packageProductDependencies = (
				9233F4482E3BC91B003620EC /* FirebaseAuth */,
				9233F44A2E3BC91B003620EC /* FirebaseAuthCombine-Community */,
				9233F44C2E3BC91B003620EC /* FirebaseDatabase */,
				9233F44E2E3BC91B003620EC /* FirebaseFirestore */,
				9233F4502E3BC91B003620EC /* FirebaseFunctions */,
				9233F4522E3BC91B003620EC /* FirebaseStorage */,
			);
			productName = DatingAI;
			productReference = 9233F41B2E3BC75E003620EC /* DatingAI.app */;
			productType = "com.apple.product-type.application";
		};
		9233F4272E3BC761003620EC /* DatingAITests */ = {
			isa = PBXNativeTarget;
			buildConfigurationList = 9233F43F2E3BC761003620EC /* Build configuration list for PBXNativeTarget "DatingAITests" */;
			buildPhases = (
				9233F4242E3BC761003620EC /* Sources */,
				9233F4252E3BC761003620EC /* Frameworks */,
				9233F4262E3BC761003620EC /* Resources */,
			);
			buildRules = (
			);
			dependencies = (
				9233F42A2E3BC761003620EC /* PBXTargetDependency */,
			);
			fileSystemSynchronizedGroups = (
				9233F42B2E3BC761003620EC /* DatingAITests */,
			);
			name = DatingAITests;
			packageProductDependencies = (
			);
			productName = DatingAITests;
			productReference = 9233F4282E3BC761003620EC /* DatingAITests.xctest */;
			productType = "com.apple.product-type.bundle.unit-test";
		};
		9233F4312E3BC761003620EC /* DatingAIUITests */ = {
			isa = PBXNativeTarget;
			buildConfigurationList = 9233F4422E3BC761003620EC /* Build configuration list for PBXNativeTarget "DatingAIUITests" */;
			buildPhases = (
				9233F42E2E3BC761003620EC /* Sources */,
				9233F42F2E3BC761003620EC /* Frameworks */,
				9233F4302E3BC761003620EC /* Resources */,
			);
			buildRules = (
			);
			dependencies = (
				9233F4342E3BC761003620EC /* PBXTargetDependency */,
			);
			fileSystemSynchronizedGroups = (
				9233F4352E3BC761003620EC /* DatingAIUITests */,
			);
			name = DatingAIUITests;
			packageProductDependencies = (
			);
			productName = DatingAIUITests;
			productReference = 9233F4322E3BC761003620EC /* DatingAIUITests.xctest */;
			productType = "com.apple.product-type.bundle.ui-testing";
		};
/* End PBXNativeTarget section */

/* Begin PBXProject section */
		9233F4132E3BC75E003620EC /* Project object */ = {
			isa = PBXProject;
			attributes = {
				BuildIndependentTargetsInParallel = 1;
				LastSwiftUpdateCheck = 1640;
				LastUpgradeCheck = 1640;
				TargetAttributes = {
					9233F41A2E3BC75E003620EC = {
						CreatedOnToolsVersion = 16.4;
					};
					9233F4272E3BC761003620EC = {
						CreatedOnToolsVersion = 16.4;
						TestTargetID = 9233F41A2E3BC75E003620EC;
					};
					9233F4312E3BC761003620EC = {
						CreatedOnToolsVersion = 16.4;
						TestTargetID = 9233F41A2E3BC75E003620EC;
					};
				};
			};
			buildConfigurationList = 9233F4162E3BC75E003620EC /* Build configuration list for PBXProject "DatingAI" */;
			developmentRegion = en;
			hasScannedForEncodings = 0;
			knownRegions = (
				en,
				Base,
			);
			mainGroup = 9233F4122E3BC75E003620EC;
			minimizedProjectReferenceProxies = 1;
			packageReferences = (
				9233F4472E3BC91B003620EC /* XCRemoteSwiftPackageReference "firebase-ios-sdk" */,
			);
			preferredProjectObjectVersion = 77;
			productRefGroup = 9233F41C2E3BC75E003620EC /* Products */;
			projectDirPath = "";
			projectRoot = "";
			targets = (
				9233F41A2E3BC75E003620EC /* DatingAI */,
				9233F4272E3BC761003620EC /* DatingAITests */,
				9233F4312E3BC761003620EC /* DatingAIUITests */,
			);
		};
/* End PBXProject section */

/* Begin PBXResourcesBuildPhase section */
		9233F4192E3BC75E003620EC /* Resources */ = {
			isa = PBXResourcesBuildPhase;
			buildActionMask = 2147483647;
			files = (
			);
			runOnlyForDeploymentPostprocessing = 0;
		};
		9233F4262E3BC761003620EC /* Resources */ = {
			isa = PBXResourcesBuildPhase;
			buildActionMask = 2147483647;
			files = (
			);
			runOnlyForDeploymentPostprocessing = 0;
		};
		9233F4302E3BC761003620EC /* Resources */ = {
			isa = PBXResourcesBuildPhase;
			buildActionMask = 2147483647;
			files = (
			);
			runOnlyForDeploymentPostprocessing = 0;
		};
/* End PBXResourcesBuildPhase section */

/* Begin PBXSourcesBuildPhase section */
		9233F4172E3BC75E003620EC /* Sources */ = {
			isa = PBXSourcesBuildPhase;
			buildActionMask = 2147483647;
			files = (
			);
			runOnlyForDeploymentPostprocessing = 0;
		};
		9233F4242E3BC761003620EC /* Sources */ = {
			isa = PBXSourcesBuildPhase;
			buildActionMask = 2147483647;
			files = (
			);
			runOnlyForDeploymentPostprocessing = 0;
		};
		9233F42E2E3BC761003620EC /* Sources */ = {
			isa = PBXSourcesBuildPhase;
			buildActionMask = 2147483647;
			files = (
			);
			runOnlyForDeploymentPostprocessing = 0;
		};
/* End PBXSourcesBuildPhase section */

/* Begin PBXTargetDependency section */
		9233F42A2E3BC761003620EC /* PBXTargetDependency */ = {
			isa = PBXTargetDependency;
			target = 9233F41A2E3BC75E003620EC /* DatingAI */;
			targetProxy = 9233F4292E3BC761003620EC /* PBXContainerItemProxy */;
		};
		9233F4342E3BC761003620EC /* PBXTargetDependency */ = {
			isa = PBXTargetDependency;
			target = 9233F41A2E3BC75E003620EC /* DatingAI */;
			targetProxy = 9233F4332E3BC761003620EC /* PBXContainerItemProxy */;
		};
/* End PBXTargetDependency section */

/* Begin XCBuildConfiguration section */
		9233F43A2E3BC761003620EC /* Debug */ = {
			isa = XCBuildConfiguration;
			buildSettings = {
				ALWAYS_SEARCH_USER_PATHS = NO;
				ASSETCATALOG_COMPILER_GENERATE_SWIFT_ASSET_SYMBOL_EXTENSIONS = YES;
				CLANG_ANALYZER_NONNULL = YES;
				CLANG_ANALYZER_NUMBER_OBJECT_CONVERSION = YES_AGGRESSIVE;
				CLANG_CXX_LANGUAGE_STANDARD = "gnu++20";
				CLANG_ENABLE_MODULES = YES;
				CLANG_ENABLE_OBJC_ARC = YES;
				CLANG_ENABLE_OBJC_WEAK = YES;
				CLANG_WARN_BLOCK_CAPTURE_AUTORELEASING = YES;
				CLANG_WARN_BOOL_CONVERSION = YES;
				CLANG_WARN_COMMA = YES;
				CLANG_WARN_CONSTANT_CONVERSION = YES;
				CLANG_WARN_DEPRECATED_OBJC_IMPLEMENTATIONS = YES;
				CLANG_WARN_DIRECT_OBJC_ISA_USAGE = YES_ERROR;
				CLANG_WARN_DOCUMENTATION_COMMENTS = YES;
				CLANG_WARN_EMPTY_BODY = YES;
				CLANG_WARN_ENUM_CONVERSION = YES;
				CLANG_WARN_INFINITE_RECURSION = YES;
				CLANG_WARN_INT_CONVERSION = YES;
				CLANG_WARN_NON_LITERAL_NULL_CONVERSION = YES;
				CLANG_WARN_OBJC_IMPLICIT_RETAIN_SELF = YES;
				CLANG_WARN_OBJC_LITERAL_CONVERSION = YES;
				CLANG_WARN_OBJC_ROOT_CLASS = YES_ERROR;
				CLANG_WARN_QUOTED_INCLUDE_IN_FRAMEWORK_HEADER = YES;
				CLANG_WARN_RANGE_LOOP_ANALYSIS = YES;
				CLANG_WARN_STRICT_PROTOTYPES = YES;
				CLANG_WARN_SUSPICIOUS_MOVE = YES;
				CLANG_WARN_UNGUARDED_AVAILABILITY = YES_AGGRESSIVE;
				CLANG_WARN_UNREACHABLE_CODE = YES;
				CLANG_WARN__DUPLICATE_METHOD_MATCH = YES;
				COPY_PHASE_STRIP = NO;
				DEBUG_INFORMATION_FORMAT = dwarf;
				DEVELOPMENT_TEAM = 7ZX376GC28;
				ENABLE_STRICT_OBJC_MSGSEND = YES;
				ENABLE_TESTABILITY = YES;
				ENABLE_USER_SCRIPT_SANDBOXING = YES;
				GCC_C_LANGUAGE_STANDARD = gnu17;
				GCC_DYNAMIC_NO_PIC = NO;
				GCC_NO_COMMON_BLOCKS = YES;
				GCC_OPTIMIZATION_LEVEL = 0;
				GCC_PREPROCESSOR_DEFINITIONS = (
					"DEBUG=1",
					"$(inherited)",
				);
				GCC_WARN_64_TO_32_BIT_CONVERSION = YES;
				GCC_WARN_ABOUT_RETURN_TYPE = YES_ERROR;
				GCC_WARN_UNDECLARED_SELECTOR = YES;
				GCC_WARN_UNINITIALIZED_AUTOS = YES_AGGRESSIVE;
				GCC_WARN_UNUSED_FUNCTION = YES;
				GCC_WARN_UNUSED_VARIABLE = YES;
				IPHONEOS_DEPLOYMENT_TARGET = 17.6;
				LOCALIZATION_PREFERS_STRING_CATALOGS = YES;
				MTL_ENABLE_DEBUG_INFO = INCLUDE_SOURCE;
				MTL_FAST_MATH = YES;
				ONLY_ACTIVE_ARCH = YES;
				SDKROOT = iphoneos;
				SWIFT_ACTIVE_COMPILATION_CONDITIONS = "DEBUG $(inherited)";
				SWIFT_OPTIMIZATION_LEVEL = "-Onone";
			};
			name = Debug;
		};
		9233F43B2E3BC761003620EC /* Release */ = {
			isa = XCBuildConfiguration;
			buildSettings = {
				ALWAYS_SEARCH_USER_PATHS = NO;
				ASSETCATALOG_COMPILER_GENERATE_SWIFT_ASSET_SYMBOL_EXTENSIONS = YES;
				CLANG_ANALYZER_NONNULL = YES;
				CLANG_ANALYZER_NUMBER_OBJECT_CONVERSION = YES_AGGRESSIVE;
				CLANG_CXX_LANGUAGE_STANDARD = "gnu++20";
				CLANG_ENABLE_MODULES = YES;
				CLANG_ENABLE_OBJC_ARC = YES;
				CLANG_ENABLE_OBJC_WEAK = YES;
				CLANG_WARN_BLOCK_CAPTURE_AUTORELEASING = YES;
				CLANG_WARN_BOOL_CONVERSION = YES;
				CLANG_WARN_COMMA = YES;
				CLANG_WARN_CONSTANT_CONVERSION = YES;
				CLANG_WARN_DEPRECATED_OBJC_IMPLEMENTATIONS = YES;
				CLANG_WARN_DIRECT_OBJC_ISA_USAGE = YES_ERROR;
				CLANG_WARN_DOCUMENTATION_COMMENTS = YES;
				CLANG_WARN_EMPTY_BODY = YES;
				CLANG_WARN_ENUM_CONVERSION = YES;
				CLANG_WARN_INFINITE_RECURSION = YES;
				CLANG_WARN_INT_CONVERSION = YES;
				CLANG_WARN_NON_LITERAL_NULL_CONVERSION = YES;
				CLANG_WARN_OBJC_IMPLICIT_RETAIN_SELF = YES;
				CLANG_WARN_OBJC_LITERAL_CONVERSION = YES;
				CLANG_WARN_OBJC_ROOT_CLASS = YES_ERROR;
				CLANG_WARN_QUOTED_INCLUDE_IN_FRAMEWORK_HEADER = YES;
				CLANG_WARN_RANGE_LOOP_ANALYSIS = YES;
				CLANG_WARN_STRICT_PROTOTYPES = YES;
				CLANG_WARN_SUSPICIOUS_MOVE = YES;
				CLANG_WARN_UNGUARDED_AVAILABILITY = YES_AGGRESSIVE;
				CLANG_WARN_UNREACHABLE_CODE = YES;
				CLANG_WARN__DUPLICATE_METHOD_MATCH = YES;
				COPY_PHASE_STRIP = NO;
				DEBUG_INFORMATION_FORMAT = "dwarf-with-dsym";
				DEVELOPMENT_TEAM = 7ZX376GC28;
				ENABLE_NS_ASSERTIONS = NO;
				ENABLE_STRICT_OBJC_MSGSEND = YES;
				ENABLE_USER_SCRIPT_SANDBOXING = YES;
				GCC_C_LANGUAGE_STANDARD = gnu17;
				GCC_NO_COMMON_BLOCKS = YES;
				GCC_WARN_64_TO_32_BIT_CONVERSION = YES;
				GCC_WARN_ABOUT_RETURN_TYPE = YES_ERROR;
				GCC_WARN_UNDECLARED_SELECTOR = YES;
				GCC_WARN_UNINITIALIZED_AUTOS = YES_AGGRESSIVE;
				GCC_WARN_UNUSED_FUNCTION = YES;
				GCC_WARN_UNUSED_VARIABLE = YES;
				IPHONEOS_DEPLOYMENT_TARGET = 17.6;
				LOCALIZATION_PREFERS_STRING_CATALOGS = YES;
				MTL_ENABLE_DEBUG_INFO = NO;
				MTL_FAST_MATH = YES;
				SDKROOT = iphoneos;
				SWIFT_COMPILATION_MODE = wholemodule;
				VALIDATE_PRODUCT = YES;
			};
			name = Release;
		};
		9233F43D2E3BC761003620EC /* Debug */ = {
			isa = XCBuildConfiguration;
			buildSettings = {
				ASSETCATALOG_COMPILER_APPICON_NAME = AppIcon;
				ASSETCATALOG_COMPILER_GLOBAL_ACCENT_COLOR_NAME = AccentColor;
				CODE_SIGN_STYLE = Automatic;
				CURRENT_PROJECT_VERSION = 1;
				DEVELOPMENT_TEAM = 7ZX376GC28;
				ENABLE_PREVIEWS = YES;
				GENERATE_INFOPLIST_FILE = YES;
				INFOPLIST_KEY_UIApplicationSceneManifest_Generation = YES;
				INFOPLIST_KEY_UIApplicationSupportsIndirectInputEvents = YES;
				INFOPLIST_KEY_UILaunchScreen_Generation = YES;
				INFOPLIST_KEY_UISupportedInterfaceOrientations_iPad = "UIInterfaceOrientationPortrait UIInterfaceOrientationPortraitUpsideDown UIInterfaceOrientationLandscapeLeft UIInterfaceOrientationLandscapeRight";
				INFOPLIST_KEY_UISupportedInterfaceOrientations_iPhone = "UIInterfaceOrientationPortrait UIInterfaceOrientationLandscapeLeft UIInterfaceOrientationLandscapeRight";
				IPHONEOS_DEPLOYMENT_TARGET = 17.0;
				LD_RUNPATH_SEARCH_PATHS = (
					"$(inherited)",
					"@executable_path/Frameworks",
				);
				MARKETING_VERSION = 1.0;
				PRODUCT_BUNDLE_IDENTIFIER = xyz.datingai.DatingAI;
				PRODUCT_NAME = "$(TARGET_NAME)";
				SUPPORTED_PLATFORMS = "iphoneos iphonesimulator";
				SUPPORTS_MACCATALYST = NO;
				SUPPORTS_MAC_DESIGNED_FOR_IPHONE_IPAD = NO;
				SUPPORTS_XR_DESIGNED_FOR_IPHONE_IPAD = NO;
				SWIFT_EMIT_LOC_STRINGS = YES;
				SWIFT_VERSION = 5.0;
				TARGETED_DEVICE_FAMILY = 1;
			};
			name = Debug;
		};
		9233F43E2E3BC761003620EC /* Release */ = {
			isa = XCBuildConfiguration;
			buildSettings = {
				ASSETCATALOG_COMPILER_APPICON_NAME = AppIcon;
				ASSETCATALOG_COMPILER_GLOBAL_ACCENT_COLOR_NAME = AccentColor;
				CODE_SIGN_STYLE = Automatic;
				CURRENT_PROJECT_VERSION = 1;
				DEVELOPMENT_TEAM = 7ZX376GC28;
				ENABLE_PREVIEWS = YES;
				GENERATE_INFOPLIST_FILE = YES;
				INFOPLIST_KEY_UIApplicationSceneManifest_Generation = YES;
				INFOPLIST_KEY_UIApplicationSupportsIndirectInputEvents = YES;
				INFOPLIST_KEY_UILaunchScreen_Generation = YES;
				INFOPLIST_KEY_UISupportedInterfaceOrientations_iPad = "UIInterfaceOrientationPortrait UIInterfaceOrientationPortraitUpsideDown UIInterfaceOrientationLandscapeLeft UIInterfaceOrientationLandscapeRight";
				INFOPLIST_KEY_UISupportedInterfaceOrientations_iPhone = "UIInterfaceOrientationPortrait UIInterfaceOrientationLandscapeLeft UIInterfaceOrientationLandscapeRight";
				IPHONEOS_DEPLOYMENT_TARGET = 17.0;
				LD_RUNPATH_SEARCH_PATHS = (
					"$(inherited)",
					"@executable_path/Frameworks",
				);
				MARKETING_VERSION = 1.0;
				PRODUCT_BUNDLE_IDENTIFIER = xyz.datingai.DatingAI;
				PRODUCT_NAME = "$(TARGET_NAME)";
				SUPPORTED_PLATFORMS = "iphoneos iphonesimulator";
				SUPPORTS_MACCATALYST = NO;
				SUPPORTS_MAC_DESIGNED_FOR_IPHONE_IPAD = NO;
				SUPPORTS_XR_DESIGNED_FOR_IPHONE_IPAD = NO;
				SWIFT_EMIT_LOC_STRINGS = YES;
				SWIFT_VERSION = 5.0;
				TARGETED_DEVICE_FAMILY = 1;
			};
			name = Release;
		};
		9233F4402E3BC761003620EC /* Debug */ = {
			isa = XCBuildConfiguration;
			buildSettings = {
				BUNDLE_LOADER = "$(TEST_HOST)";
				CODE_SIGN_STYLE = Automatic;
				CURRENT_PROJECT_VERSION = 1;
				DEVELOPMENT_TEAM = 7ZX376GC28;
				GENERATE_INFOPLIST_FILE = YES;
				IPHONEOS_DEPLOYMENT_TARGET = 18.5;
				MARKETING_VERSION = 1.0;
				PRODUCT_BUNDLE_IDENTIFIER = xyz.datingai.DatingAITests;
				PRODUCT_NAME = "$(TARGET_NAME)";
				SWIFT_EMIT_LOC_STRINGS = NO;
				SWIFT_VERSION = 5.0;
				TARGETED_DEVICE_FAMILY = "1,2";
				TEST_HOST = "$(BUILT_PRODUCTS_DIR)/DatingAI.app/$(BUNDLE_EXECUTABLE_FOLDER_PATH)/DatingAI";
			};
			name = Debug;
		};
		9233F4412E3BC761003620EC /* Release */ = {
			isa = XCBuildConfiguration;
			buildSettings = {
				BUNDLE_LOADER = "$(TEST_HOST)";
				CODE_SIGN_STYLE = Automatic;
				CURRENT_PROJECT_VERSION = 1;
				DEVELOPMENT_TEAM = 7ZX376GC28;
				GENERATE_INFOPLIST_FILE = YES;
				IPHONEOS_DEPLOYMENT_TARGET = 18.5;
				MARKETING_VERSION = 1.0;
				PRODUCT_BUNDLE_IDENTIFIER = xyz.datingai.DatingAITests;
				PRODUCT_NAME = "$(TARGET_NAME)";
				SWIFT_EMIT_LOC_STRINGS = NO;
				SWIFT_VERSION = 5.0;
				TARGETED_DEVICE_FAMILY = "1,2";
				TEST_HOST = "$(BUILT_PRODUCTS_DIR)/DatingAI.app/$(BUNDLE_EXECUTABLE_FOLDER_PATH)/DatingAI";
			};
			name = Release;
		};
		9233F4432E3BC761003620EC /* Debug */ = {
			isa = XCBuildConfiguration;
			buildSettings = {
				CODE_SIGN_STYLE = Automatic;
				CURRENT_PROJECT_VERSION = 1;
				DEVELOPMENT_TEAM = 7ZX376GC28;
				GENERATE_INFOPLIST_FILE = YES;
				MARKETING_VERSION = 1.0;
				PRODUCT_BUNDLE_IDENTIFIER = xyz.datingai.DatingAIUITests;
				PRODUCT_NAME = "$(TARGET_NAME)";
				SWIFT_EMIT_LOC_STRINGS = NO;
				SWIFT_VERSION = 5.0;
				TARGETED_DEVICE_FAMILY = "1,2";
				TEST_TARGET_NAME = DatingAI;
			};
			name = Debug;
		};
		9233F4442E3BC761003620EC /* Release */ = {
			isa = XCBuildConfiguration;
			buildSettings = {
				CODE_SIGN_STYLE = Automatic;
				CURRENT_PROJECT_VERSION = 1;
				DEVELOPMENT_TEAM = 7ZX376GC28;
				GENERATE_INFOPLIST_FILE = YES;
				MARKETING_VERSION = 1.0;
				PRODUCT_BUNDLE_IDENTIFIER = xyz.datingai.DatingAIUITests;
				PRODUCT_NAME = "$(TARGET_NAME)";
				SWIFT_EMIT_LOC_STRINGS = NO;
				SWIFT_VERSION = 5.0;
				TARGETED_DEVICE_FAMILY = "1,2";
				TEST_TARGET_NAME = DatingAI;
			};
			name = Release;
		};
/* End XCBuildConfiguration section */

/* Begin XCConfigurationList section */
		9233F4162E3BC75E003620EC /* Build configuration list for PBXProject "DatingAI" */ = {
			isa = XCConfigurationList;
			buildConfigurations = (
				9233F43A2E3BC761003620EC /* Debug */,
				9233F43B2E3BC761003620EC /* Release */,
			);
			defaultConfigurationIsVisible = 0;
			defaultConfigurationName = Release;
		};
		9233F43C2E3BC761003620EC /* Build configuration list for PBXNativeTarget "DatingAI" */ = {
			isa = XCConfigurationList;
			buildConfigurations = (
				9233F43D2E3BC761003620EC /* Debug */,
				9233F43E2E3BC761003620EC /* Release */,
			);
			defaultConfigurationIsVisible = 0;
			defaultConfigurationName = Release;
		};
		9233F43F2E3BC761003620EC /* Build configuration list for PBXNativeTarget "DatingAITests" */ = {
			isa = XCConfigurationList;
			buildConfigurations = (
				9233F4402E3BC761003620EC /* Debug */,
				9233F4412E3BC761003620EC /* Release */,
			);
			defaultConfigurationIsVisible = 0;
			defaultConfigurationName = Release;
		};
		9233F4422E3BC761003620EC /* Build configuration list for PBXNativeTarget "DatingAIUITests" */ = {
			isa = XCConfigurationList;
			buildConfigurations = (
				9233F4432E3BC761003620EC /* Debug */,
				9233F4442E3BC761003620EC /* Release */,
			);
			defaultConfigurationIsVisible = 0;
			defaultConfigurationName = Release;
		};
/* End XCConfigurationList section */

/* Begin XCRemoteSwiftPackageReference section */
		9233F4472E3BC91B003620EC /* XCRemoteSwiftPackageReference "firebase-ios-sdk" */ = {
			isa = XCRemoteSwiftPackageReference;
			repositoryURL = "https://github.com/firebase/firebase-ios-sdk";
			requirement = {
				kind = upToNextMajorVersion;
				minimumVersion = 12.0.0;
			};
		};
/* End XCRemoteSwiftPackageReference section */

/* Begin XCSwiftPackageProductDependency section */
		9233F4482E3BC91B003620EC /* FirebaseAuth */ = {
			isa = XCSwiftPackageProductDependency;
			package = 9233F4472E3BC91B003620EC /* XCRemoteSwiftPackageReference "firebase-ios-sdk" */;
			productName = FirebaseAuth;
		};
		9233F44A2E3BC91B003620EC /* FirebaseAuthCombine-Community */ = {
			isa = XCSwiftPackageProductDependency;
			package = 9233F4472E3BC91B003620EC /* XCRemoteSwiftPackageReference "firebase-ios-sdk" */;
			productName = "FirebaseAuthCombine-Community";
		};
		9233F44C2E3BC91B003620EC /* FirebaseDatabase */ = {
			isa = XCSwiftPackageProductDependency;
			package = 9233F4472E3BC91B003620EC /* XCRemoteSwiftPackageReference "firebase-ios-sdk" */;
			productName = FirebaseDatabase;
		};
		9233F44E2E3BC91B003620EC /* FirebaseFirestore */ = {
			isa = XCSwiftPackageProductDependency;
			package = 9233F4472E3BC91B003620EC /* XCRemoteSwiftPackageReference "firebase-ios-sdk" */;
			productName = FirebaseFirestore;
		};
		9233F4502E3BC91B003620EC /* FirebaseFunctions */ = {
			isa = XCSwiftPackageProductDependency;
			package = 9233F4472E3BC91B003620EC /* XCRemoteSwiftPackageReference "firebase-ios-sdk" */;
			productName = FirebaseFunctions;
		};
		9233F4522E3BC91B003620EC /* FirebaseStorage */ = {
			isa = XCSwiftPackageProductDependency;
			package = 9233F4472E3BC91B003620EC /* XCRemoteSwiftPackageReference "firebase-ios-sdk" */;
			productName = FirebaseStorage;
		};
/* End XCSwiftPackageProductDependency section */
	};
	rootObject = 9233F4132E3BC75E003620EC /* Project object */;
}
